
Microsoft Visual Studio Solution File, Format Version 12.00
# Visual Studio Version 17
VisualStudioVersion = 17.13.35931.197
MinimumVisualStudioVersion = 10.0.40219.1
Project("{FAE04EC0-301F-11D3-BF4B-00C04F79EFBC}") = "GROUP7WPF", "GROUP7WPF\GROUP7WPF.csproj", "{C10D42C6-2D3A-45D0-B52E-E4FDB4E9A299}"
EndProject
Project("{FAE04EC0-301F-11D3-BF4B-00C04F79EFBC}") = "FUMiniTikiSystem.BLL", "FUMiniTikiSystem.BLL\FUMiniTikiSystem.BLL.csproj", "{11CC862F-66F1-4F41-9CA5-4AF1DC96CB53}"
EndProject
Project("{FAE04EC0-301F-11D3-BF4B-00C04F79EFBC}") = "FUMiniTikiSystem.DAL", "FUMiniTikiSystem.DAL\FUMiniTikiSystem.DAL.csproj", "{AD74822C-C273-4C90-A88F-367D34EA3275}"
EndProject
Global
	GlobalSection(SolutionConfigurationPlatforms) = preSolution
		Debug|Any CPU = Debug|Any CPU
		Release|Any CPU = Release|Any CPU
	EndGlobalSection
	GlobalSection(ProjectConfigurationPlatforms) = postSolution
		{C10D42C6-2D3A-45D0-B52E-E4FDB4E9A299}.Debug|Any CPU.ActiveCfg = Debug|Any CPU
		{C10D42C6-2D3A-45D0-B52E-E4FDB4E9A299}.Debug|Any CPU.Build.0 = Debug|Any CPU
		{C10D42C6-2D3A-45D0-B52E-E4FDB4E9A299}.Release|Any CPU.ActiveCfg = Release|Any CPU
		{C10D42C6-2D3A-45D0-B52E-E4FDB4E9A299}.Release|Any CPU.Build.0 = Release|Any CPU
		{11CC862F-66F1-4F41-9CA5-4AF1DC96CB53}.Debug|Any CPU.ActiveCfg = Debug|Any CPU
		{11CC862F-66F1-4F41-9CA5-4AF1DC96CB53}.Debug|Any CPU.Build.0 = Debug|Any CPU
		{11CC862F-66F1-4F41-9CA5-4AF1DC96CB53}.Release|Any CPU.ActiveCfg = Release|Any CPU
		{11CC862F-66F1-4F41-9CA5-4AF1DC96CB53}.Release|Any CPU.Build.0 = Release|Any CPU
		{AD74822C-C273-4C90-A88F-367D34EA3275}.Debug|Any CPU.ActiveCfg = Debug|Any CPU
		{AD74822C-C273-4C90-A88F-367D34EA3275}.Debug|Any CPU.Build.0 = Debug|Any CPU
		{AD74822C-C273-4C90-A88F-367D34EA3275}.Release|Any CPU.ActiveCfg = Release|Any CPU
		{AD74822C-C273-4C90-A88F-367D34EA3275}.Release|Any CPU.Build.0 = Release|Any CPU
	EndGlobalSection
	GlobalSection(SolutionProperties) = preSolution
		HideSolutionNode = FALSE
	EndGlobalSection
	GlobalSection(ExtensibilityGlobals) = postSolution
		SolutionGuid = {FFCDB44D-D585-480A-9E2E-369FDE4F2BA5}
	EndGlobalSection
EndGlobal
